Last acquired by /tmp/claude-0/-home-user-aphasia-talk/2b8aad88-41d9-5160-b902-fe0931ba4bd4/scratchpad/flutter/bin/cache/dart-sdk/bin/dart (pid 16117) running file:///tmp/claude-0/-home-user-aphasia-talk/2b8aad88-41d9-5160-b902-fe0931ba4bd4/scratchpad/flutter/bin/cache/flutter_tools.snapshot on 2026-07-02 01:56:20.114744.